// !$*UTF8*$!
{
	archiveVersion = 1;
	classes = {
	};
	objectVersion = 46;
	objects = {

/* Begin PBXBuildFile section */
		1056F96F90A5DD95C189FEDA /* Pods_AhMovie.framework in Frameworks */ = {isa = PBXBuildFile; fileRef = 236A2C4C55303CF9A48E98CB /* Pods_AhMovie.framework */; };
		52125DAB1EF3DB44002B62D9 /* AppDelegate.swift in Sources */ = {isa = PBXBuildFile; fileRef = 52125DAA1EF3DB44002B62D9 /* AppDelegate.swift */; };
		52125DAD1EF3DB44002B62D9 /* MoviesViewController.swift in Sources */ = {isa = PBXBuildFile; fileRef = 52125DAC1EF3DB44002B62D9 /* MoviesViewController.swift */; };
		52125DB01EF3DB44002B62D9 /* Main.storyboard in Resources */ = {isa = PBXBuildFile; fileRef = 52125DAE1EF3DB44002B62D9 /* Main.storyboard */; };
		52125DB21EF3DB44002B62D9 /* Assets.xcassets in Resources */ = {isa = PBXBuildFile; fileRef = 52125DB11EF3DB44002B62D9 /* Assets.xcassets */; };
		52125DB51EF3DB44002B62D9 /* LaunchScreen.storyboard in Resources */ = {isa = PBXBuildFile; fileRef = 52125DB31EF3DB44002B62D9 /* LaunchScreen.storyboard */; };
/* End PBXBuildFile section */

/* Begin PBXFileReference section */
		236A2C4C55303CF9A48E98CB /* Pods_AhMovie.framework */ = {isa = PBXFileReference; explicitFileType = wrapper.framework; includeInIndex = 0; path = Pods_AhMovie.framework; sourceTree = BUILT_PRODUCTS_DIR; };
		4BA621D64014666005A0392A /* Pods-AhMovie.release.xcconfig */ = {isa = PBXFileReference; includeInIndex = 1; lastKnownFileType = text.xcconfig; name = "Pods-AhMovie.release.xcconfig"; path = "Pods/Target Support Files/Pods-AhMovie/Pods-AhMovie.release.xcconfig"; sourceTree = "<group>"; };
		52125DA71EF3DB44002B62D9 /* AhMovie.app */ = {isa = PBXFileReference; explicitFileType = wrapper.application; includeInIndex = 0; path = AhMovie.app; sourceTree = BUILT_PRODUCTS_DIR; };
		52125DAA1EF3DB44002B62D9 /* AppDelegate.swift */ = {isa = PBXFileReference; lastKnownFileType = sourcecode.swift; path = AppDelegate.swift; sourceTree = "<group>"; };
		52125DAC1EF3DB44002B62D9 /* MoviesViewController.swift */ = {isa = PBXFileReference; lastKnownFileType = sourcecode.swift; path = MoviesViewController.swift; sourceTree = "<group>"; };
		52125DAF1EF3DB44002B62D9 /* Base */ = {isa = PBXFileReference; lastKnownFileType = file.storyboard; name = Base; path = Base.lproj/Main.storyboard; sourceTree = "<group>"; };
		52125DB11EF3DB44002B62D9 /* Assets.xcassets */ = {isa = PBXFileReference; lastKnownFileType = folder.assetcatalog; path = Assets.xcassets; sourceTree = "<group>"; };
		52125DB41EF3DB44002B62D9 /* Base */ = {isa = PBXFileReference; lastKnownFileType = file.storyboard; name = Base; path = Base.lproj/LaunchScreen.storyboard; sourceTree = "<group>"; };
		52125DB61EF3DB44002B62D9 /* Info.plist */ = {isa = PBXFileReference; lastKnownFileType = text.plist.xml; path = Info.plist; sourceTree = "<group>"; };
		CABF1A4E5339C117DA0CB892 /* Pods-AhMovie.debug.xcconfig */ = {isa = PBXFileReference; includeInIndex = 1; lastKnownFileType = text.xcconfig; name = "Pods-AhMovie.debug.xcconfig"; path = "Pods/Target Support Files/Pods-AhMovie/Pods-AhMovie.debug.xcconfig"; sourceTree = "<group>"; };
/* End PBXFileReference section */

/* Begin PBXFrameworksBuildPhase section */
		52125DA41EF3DB44002B62D9 /* Frameworks */ = {
			isa = PBXFrameworksBuildPhase;
			buildActionMask = 2147483647;
			files = (
				1056F96F90A5DD95C189FEDA /* Pods_AhMovie.framework in Frameworks */,
			);
			runOnlyForDeploymentPostprocessing = 0;
		};
/* End PBXFrameworksBuildPhase section */

/* Begin PBXGroup section */
		361FEBEF6AC4801FA6187A7A /* Frameworks */ = {
			isa = PBXGroup;
			children = (
				236A2C4C55303CF9A48E98CB /* Pods_AhMovie.framework */,
			);
			name = Frameworks;
			sourceTree = "<group>";
		};
		52125D9E1EF3DB44002B62D9 = {
			isa = PBXGroup;
			children = (
				52125DA91EF3DB44002B62D9 /* AhMovie */,
				52125DA81EF3DB44002B62D9 /* Products */,
				8E438B779A2F9A68F7E5152D /* Pods */,
				361FEBEF6AC4801FA6187A7A /* Frameworks */,
			);
			sourceTree = "<group>";
		};
		52125DA81EF3DB44002B62D9 /* Products */ = {
			isa = PBXGroup;
			children = (
				52125DA71EF3DB44002B62D9 /* AhMovie.app */,
			);
			name = Products;
			sourceTree = "<group>";
		};
		52125DA91EF3DB44002B62D9 /* AhMovie */ = {
			isa = PBXGroup;
			children = (
				52125DAA1EF3DB44002B62D9 /* AppDelegate.swift */,
				52125DAC1EF3DB44002B62D9 /* MoviesViewController.swift */,
				52125DAE1EF3DB44002B62D9 /* Main.storyboard */,
				52125DB11EF3DB44002B62D9 /* Assets.xcassets */,
				52125DB31EF3DB44002B62D9 /* LaunchScreen.storyboard */,
				52125DB61EF3DB44002B62D9 /* Info.plist */,
			);
			path = AhMovie;
			sourceTree = "<group>";
		};
		8E438B779A2F9A68F7E5152D /* Pods */ = {
			isa = PBXGroup;
			children = (
				CABF1A4E5339C117DA0CB892 /* Pods-AhMovie.debug.xcconfig */,
				4BA621D64014666005A0392A /* Pods-AhMovie.release.xcconfig */,
			);
			name = Pods;
			sourceTree = "<group>";
		};
/* End PBXGroup section */

/* Begin PBXNativeTarget section */
		52125DA61EF3DB44002B62D9 /* AhMovie */ = {
			isa = PBXNativeTarget;
			buildConfigurationList = 52125DB91EF3DB44002B62D9 /* Build configuration list for PBXNativeTarget "AhMovie" */;
			buildPhases = (
				4E1E4BD042ED243BDE6EF77A /* [CP] Check Pods Manifest.lock */,
				52125DA31EF3DB44002B62D9 /* Sources */,
				52125DA41EF3DB44002B62D9 /* Frameworks */,
				52125DA51EF3DB44002B62D9 /* Resources */,
				34AA85670CCB5CC1AAD5A0DE /* [CP] Embed Pods Frameworks */,
				9054D2C233CF6B9400D22540 /* [CP] Copy Pods Resources */,
			);
			buildRules = (
			);
			dependencies = (
			);
			name = AhMovie;
			productName = AhMovie;
			productReference = 52125DA71EF3DB44002B62D9 /* AhMovie.app */;
			productType = "com.apple.product-type.application";
		};
/* End PBXNativeTarget section */

/* Begin PBXProject section */
		52125D9F1EF3DB44002B62D9 /* Project object */ = {
			isa = PBXProject;
			attributes = {
				LastSwiftUpdateCheck = 0830;
				LastUpgradeCheck = 0830;
				ORGANIZATIONNAME = tknguyen;
				TargetAttributes = {
					52125DA61EF3DB44002B62D9 = {
						CreatedOnToolsVersion = 8.3.3;
						DevelopmentTeam = P27E4BB4CC;
						ProvisioningStyle = Automatic;
					};
				};
			};
			buildConfigurationList = 52125DA21EF3DB44002B62D9 /* Build configuration list for PBXProject "AhMovie" */;
			compatibilityVersion = "Xcode 3.2";
			developmentRegion = English;
			hasScannedForEncodings = 0;
			knownRegions = (
				en,
				Base,
			);
			mainGroup = 52125D9E1EF3DB44002B62D9;
			productRefGroup = 52125DA81EF3DB44002B62D9 /* Products */;
			projectDirPath = "";
			projectRoot = "";
			targets = (
				52125DA61EF3DB44002B62D9 /* AhMovie */,
			);
		};
/* End PBXProject section */

/* Begin PBXResourcesBuildPhase section */
		52125DA51EF3DB44002B62D9 /* Resources */ = {
			isa = PBXResourcesBuildPhase;
			buildActionMask = 2147483647;
			files = (
				52125DB51EF3DB44002B62D9 /* LaunchScreen.storyboard in Resources */,
				52125DB21EF3DB44002B62D9 /* Assets.xcassets in Resources */,
				52125DB01EF3DB44002B62D9 /* Main.storyboard in Resources */,
			);
			runOnlyForDeploymentPostprocessing = 0;
		};
/* End PBXResourcesBuildPhase section */

/* Begin PBXShellScriptBuildPhase section */
		34AA85670CCB5CC1AAD5A0DE /* [CP] Embed Pods Frameworks */ = {
			isa = PBXShellScriptBuildPhase;
			buildActionMask = 2147483647;
			files = (
			);
			inputPaths = (
			);
			name = "[CP] Embed Pods Frameworks";
			outputPaths = (
			);
			runOnlyForDeploymentPostprocessing = 0;
			shellPath = /bin/sh;
			shellScript = "\"${SRCROOT}/Pods/Target Support Files/Pods-AhMovie/Pods-AhMovie-frameworks.sh\"\n";
			showEnvVarsInLog = 0;
		};
		4E1E4BD042ED243BDE6EF77A /* [CP] Check Pods Manifest.lock */ = {
			isa = PBXShellScriptBuildPhase;
			buildActionMask = 2147483647;
			files = (
			);
			inputPaths = (
			);
			name = "[CP] Check Pods Manifest.lock";
			outputPaths = (
			);
			runOnlyForDeploymentPostprocessing = 0;
			shellPath = /bin/sh;
			shellScript = "diff \"${PODS_PODFILE_DIR_PATH}/Podfile.lock\" \"${PODS_ROOT}/Manifest.lock\" > /dev/null\nif [ $? != 0 ] ; then\n    # print error to STDERR\n    echo \"error: The sandbox is not in sync with the Podfile.lock. Run 'pod install' or update your CocoaPods installation.\" >&2\n    exit 1\nfi\n";
			showEnvVarsInLog = 0;
		};
		9054D2C233CF6B9400D22540 /* [CP] Copy Pods Resources */ = {
			isa = PBXShellScriptBuildPhase;
			buildActionMask = 2147483647;
			files = (
			);
			inputPaths = (
			);
			name = "[CP] Copy Pods Resources";
			outputPaths = (
			);
			runOnlyForDeploymentPostprocessing = 0;
			shellPath = /bin/sh;
			shellScript = "\"${SRCROOT}/Pods/Target Support Files/Pods-AhMovie/Pods-AhMovie-resources.sh\"\n";
			showEnvVarsInLog = 0;
		};
/* End PBXShellScriptBuildPhase section */

/* Begin PBXSourcesBuildPhase section */
		52125DA31EF3DB44002B62D9 /* Sources */ = {
			isa = PBXSourcesBuildPhase;
			buildActionMask = 2147483647;
			files = (
				52125DAD1EF3DB44002B62D9 /* MoviesViewController.swift in Sources */,
				52125DAB1EF3DB44002B62D9 /* AppDelegate.swift in Sources */,
			);
			runOnlyForDeploymentPostprocessing = 0;
		};
/* End PBXSourcesBuildPhase section */

/* Begin PBXVariantGroup section */
		52125DAE1EF3DB44002B62D9 /* Main.storyboard */ = {
			isa = PBXVariantGroup;
			children = (
				52125DAF1EF3DB44002B62D9 /* Base */,
			);
			name = Main.storyboard;
			sourceTree = "<group>";
		};
		52125DB31EF3DB44002B62D9 /* LaunchScreen.storyboard */ = {
			isa = PBXVariantGroup;
			children = (
				52125DB41EF3DB44002B62D9 /* Base */,
			);
			name = LaunchScreen.storyboard;
			sourceTree = "<group>";
		};
/* End PBXVariantGroup section */

/* Begin XCBuildConfiguration section */
		52125DB71EF3DB44002B62D9 /* Debug */ = {
			isa = XCBuildConfiguration;
			buildSettings = {
				ALWAYS_SEARCH_USER_PATHS = NO;
				CLANG_ANALYZER_NONNULL = YES;
				CLANG_ANALYZER_NUMBER_OBJECT_CONVERSION = YES_AGGRESSIVE;
				CLANG_CXX_LANGUAGE_STANDARD = "gnu++0x";
				CLANG_CXX_LIBRARY = "libc++";
				CLANG_ENABLE_MODULES = YES;
				CLANG_ENABLE_OBJC_ARC = YES;
				CLANG_WARN_BOOL_CONVERSION = YES;
				CLANG_WARN_CONSTANT_CONVERSION = YES;
				CLANG_WARN_DIRECT_OBJC_ISA_USAGE = YES_ERROR;
				CLANG_WARN_DOCUMENTATION_COMMENTS = YES;
				CLANG_WARN_EMPTY_BODY = YES;
				CLANG_WARN_ENUM_CONVERSION = YES;
				CLANG_WARN_INFINITE_RECURSION = YES;
				CLANG_WARN_INT_CONVERSION = YES;
				CLANG_WARN_OBJC_ROOT_CLASS = YES_ERROR;
				CLANG_WARN_SUSPICIOUS_MOVE = YES;
				CLANG_WARN_UNREACHABLE_CODE = YES;
				CLANG_WARN__DUPLICATE_METHOD_MATCH = YES;
				"CODE_SIGN_IDENTITY[sdk=iphoneos*]" = "iPhone Developer";
				COPY_PHASE_STRIP = NO;
				DEBUG_INFORMATION_FORMAT = dwarf;
				ENABLE_STRICT_OBJC_MSGSEND = YES;
				ENABLE_TESTABILITY = YES;
				GCC_C_LANGUAGE_STANDARD = gnu99;
				GCC_DYNAMIC_NO_PIC = NO;
				GCC_NO_COMMON_BLOCKS = YES;
				GCC_OPTIMIZATION_LEVEL = 0;
				GCC_PREPROCESSOR_DEFINITIONS = (
					"DEBUG=1",
					"$(inherited)",
				);
				GCC_WARN_64_TO_32_BIT_CONVERSION = YES;
				GCC_WARN_ABOUT_RETURN_TYPE = YES_ERROR;
				GCC_WARN_UNDECLARED_SELECTOR = YES;
				GCC_WARN_UNINITIALIZED_AUTOS = YES_AGGRESSIVE;
				GCC_WARN_UNUSED_FUNCTION = YES;
				GCC_WARN_UNUSED_VARIABLE = YES;
				IPHONEOS_DEPLOYMENT_TARGET = 10.3;
				MTL_ENABLE_DEBUG_INFO = YES;
				ONLY_ACTIVE_ARCH = YES;
				SDKROOT = iphoneos;
				SWIFT_ACTIVE_COMPILATION_CONDITIONS = DEBUG;
				SWIFT_OPTIMIZATION_LEVEL = "-Onone";
			};
			name = Debug;
		};
		52125DB81EF3DB44002B62D9 /* Release */ = {
			isa = XCBuildConfiguration;
			buildSettings = {
				ALWAYS_SEARCH_USER_PATHS = NO;
				CLANG_ANALYZER_NONNULL = YES;
				CLANG_ANALYZER_NUMBER_OBJECT_CONVERSION = YES_AGGRESSIVE;
				CLANG_CXX_LANGUAGE_STANDARD = "gnu++0x";
				CLANG_CXX_LIBRARY = "libc++";
				CLANG_ENABLE_MODULES = YES;
				CLANG_ENABLE_OBJC_ARC = YES;
				CLANG_WARN_BOOL_CONVERSION = YES;
				CLANG_WARN_CONSTANT_CONVERSION = YES;
				CLANG_WARN_DIRECT_OBJC_ISA_USAGE = YES_ERROR;
				CLANG_WARN_DOCUMENTATION_COMMENTS = YES;
				CLANG_WARN_EMPTY_BODY = YES;
				CLANG_WARN_ENUM_CONVERSION = YES;
				CLANG_WARN_INFINITE_RECURSION = YES;
				CLANG_WARN_INT_CONVERSION = YES;
				CLANG_WARN_OBJC_ROOT_CLASS = YES_ERROR;
				CLANG_WARN_SUSPICIOUS_MOVE = YES;
				CLANG_WARN_UNREACHABLE_CODE = YES;
				CLANG_WARN__DUPLICATE_METHOD_MATCH = YES;
				"CODE_SIGN_IDENTITY[sdk=iphoneos*]" = "iPhone Developer";
				COPY_PHASE_STRIP = NO;
				DEBUG_INFORMATION_FORMAT = "dwarf-with-dsym";
				ENABLE_NS_ASSERTIONS = NO;
				ENABLE_STRICT_OBJC_MSGSEND = YES;
				GCC_C_LANGUAGE_STANDARD = gnu99;
				GCC_NO_COMMON_BLOCKS = YES;
				GCC_WARN_64_TO_32_BIT_CONVERSION = YES;
				GCC_WARN_ABOUT_RETURN_TYPE = YES_ERROR;
				GCC_WARN_UNDECLARED_SELECTOR = YES;
				GCC_WARN_UNINITIALIZED_AUTOS = YES_AGGRESSIVE;
				GCC_WARN_UNUSED_FUNCTION = YES;
				GCC_WARN_UNUSED_VARIABLE = YES;
				IPHONEOS_DEPLOYMENT_TARGET = 10.3;
				MTL_ENABLE_DEBUG_INFO = NO;
				SDKROOT = iphoneos;
				SWIFT_OPTIMIZATION_LEVEL = "-Owholemodule";
				VALIDATE_PRODUCT = YES;
			};
			name = Release;
		};
		52125DBA1EF3DB44002B62D9 /* Debug */ = {
			isa = XCBuildConfiguration;
			baseConfigurationReference = CABF1A4E5339C117DA0CB892 /* Pods-AhMovie.debug.xcconfig */;
			buildSettings = {
				ASSETCATALOG_COMPILER_APPICON_NAME = AppIcon;
				DEVELOPMENT_TEAM = P27E4BB4CC;
				INFOPLIST_FILE = AhMovie/Info.plist;
				LD_RUNPATH_SEARCH_PATHS = "$(inherited) @executable_path/Frameworks";
				PRODUCT_BUNDLE_IDENTIFIER = tk.AhMovie;
				PRODUCT_NAME = "$(TARGET_NAME)";
				SWIFT_VERSION = 3.0;
			};
			name = Debug;
		};
		52125DBB1EF3DB44002B62D9 /* Release */ = {
			isa = XCBuildConfiguration;
			baseConfigurationReference = 4BA621D64014666005A0392A /* Pods-AhMovie.release.xcconfig */;
			buildSettings = {
				ASSETCATALOG_COMPILER_APPICON_NAME = AppIcon;
				DEVELOPMENT_TEAM = P27E4BB4CC;
				INFOPLIST_FILE = AhMovie/Info.plist;
				LD_RUNPATH_SEARCH_PATHS = "$(inherited) @executable_path/Frameworks";
				PRODUCT_BUNDLE_IDENTIFIER = tk.AhMovie;
				PRODUCT_NAME = "$(TARGET_NAME)";
				SWIFT_VERSION = 3.0;
			};
			name = Release;
		};
/* End XCBuildConfiguration section */

/* Begin XCConfigurationList section */
		52125DA21EF3DB44002B62D9 /* Build configuration list for PBXProject "AhMovie" */ = {
			isa = XCConfigurationList;
			buildConfigurations = (
				52125DB71EF3DB44002B62D9 /* Debug */,
				52125DB81EF3DB44002B62D9 /* Release */,
			);
			defaultConfigurationIsVisible = 0;
			defaultConfigurationName = Release;
		};
		52125DB91EF3DB44002B62D9 /* Build configuration list for PBXNativeTarget "AhMovie" */ = {
			isa = XCConfigurationList;
			buildConfigurations = (
				52125DBA1EF3DB44002B62D9 /* Debug */,
				52125DBB1EF3DB44002B62D9 /* Release */,
			);
			defaultConfigurationIsVisible = 0;
			defaultConfigurationName = Release;
		};
/* End XCConfigurationList section */
	};
	rootObject = 52125D9F1EF3DB44002B62D9 /* Project object */;
}
